
Microsoft Visual Studio Solution File, Format Version 12.00
# Visual Studio Version 17
VisualStudioVersion = 17.0.32014.148
MinimumVisualStudioVersion = 10.0.40219.1
Project("{FAE04EC0-301F-11D3-BF4B-00C04F79EFBC}") = "prakt10", "WpfApp2\prakt10.csproj", "{DEE38195-A296-42B4-977A-320F0B102D45}"
EndProject
Global
	GlobalSection(SolutionConfigurationPlatforms) = preSolution
		Debug|Any CPU = Debug|Any CPU
		Release|Any CPU = Release|Any CPU
	EndGlobalSection
	GlobalSection(ProjectConfigurationPlatforms) = postSolution
		{DEE38195-A296-42B4-977A-320F0B102D45}.Debug|Any CPU.ActiveCfg = Debug|Any CPU
		{DEE38195-A296-42B4-977A-320F0B102D45}.Debug|Any CPU.Build.0 = Debug|Any CPU
		{DEE38195-A296-42B4-977A-320F0B102D45}.Release|Any CPU.ActiveCfg = Release|Any CPU
		{DEE38195-A296-42B4-977A-320F0B102D45}.Release|Any CPU.Build.0 = Release|Any CPU
	EndGlobalSection
	GlobalSection(SolutionProperties) = preSolution
		HideSolutionNode = FALSE
	EndGlobalSection
	GlobalSection(ExtensibilityGlobals) = postSolution
		SolutionGuid = {50F7B226-F5F0-493B-A534-08F1387B7D69}
	EndGlobalSection
EndGlobal
